
Microsoft Visual Studio Solution File, Format Version 12.00
# Visual Studio Version 16
VisualStudioVersion = 16.0.30907.101
MinimumVisualStudioVersion = 10.0.40219.1
Project("{FAE04EC0-301F-11D3-BF4B-00C04F79EFBC}") = "SellLocal", "SellLocal\SellLocal\SellLocal.csproj", "{02773DC2-B0CB-48DA-BD68-ED85412BEAE6}"
EndProject
Project("{FAE04EC0-301F-11D3-BF4B-00C04F79EFBC}") = "SellLocal.Android", "SellLocal\SellLocal.Android\SellLocal.Android.csproj", "{8B863E83-EE2C-4F3C-8CC1-B0BA0C8FF28B}"
EndProject
Project("{FAE04EC0-301F-11D3-BF4B-00C04F79EFBC}") = "SellLocal.iOS", "SellLocal\SellLocal.iOS\SellLocal.iOS.csproj", "{2459394B-48F8-43BA-8971-6DC779225233}"
EndProject
Project("{FAE04EC0-301F-11D3-BF4B-00C04F79EFBC}") = "SellLocal.UWP", "SellLocal\SellLocal.UWP\SellLocal.UWP.csproj", "{426F30F3-8377-40AF-8E3A-BE4BAB04627C}"
EndProject
Global
	GlobalSection(SolutionConfigurationPlatforms) = preSolution
		Ad-Hoc|Any CPU = Ad-Hoc|Any CPU
		Ad-Hoc|ARM = Ad-Hoc|ARM
		Ad-Hoc|iPhone = Ad-Hoc|iPhone
		Ad-Hoc|iPhoneSimulator = Ad-Hoc|iPhoneSimulator
		Ad-Hoc|x64 = Ad-Hoc|x64
		Ad-Hoc|x86 = Ad-Hoc|x86
		AppStore|Any CPU = AppStore|Any CPU
		AppStore|ARM = AppStore|ARM
		AppStore|iPhone = AppStore|iPhone
		AppStore|iPhoneSimulator = AppStore|iPhoneSimulator
		AppStore|x64 = AppStore|x64
		AppStore|x86 = AppStore|x86
		Debug|Any CPU = Debug|Any CPU
		Debug|ARM = Debug|ARM
		Debug|iPhone = Debug|iPhone
		Debug|iPhoneSimulator = Debug|iPhoneSimulator
		Debug|x64 = Debug|x64
		Debug|x86 = Debug|x86
		Release|Any CPU = Release|Any CPU
		Release|ARM = Release|ARM
		Release|iPhone = Release|iPhone
		Release|iPhoneSimulator = Release|iPhoneSimulator
		Release|x64 = Release|x64
		Release|x86 = Release|x86
	EndGlobalSection
	GlobalSection(ProjectConfigurationPlatforms) = postSolution
		{02773DC2-B0CB-48DA-BD68-ED85412BEAE6}.Ad-Hoc|Any CPU.ActiveCfg = Debug|Any CPU
		{02773DC2-B0CB-48DA-BD68-ED85412BEAE6}.Ad-Hoc|Any CPU.Build.0 = Debug|Any CPU
		{02773DC2-B0CB-48DA-BD68-ED85412BEAE6}.Ad-Hoc|ARM.ActiveCfg = Debug|Any CPU
		{02773DC2-B0CB-48DA-BD68-ED85412BEAE6}.Ad-Hoc|ARM.Build.0 = Debug|Any CPU
		{02773DC2-B0CB-48DA-BD68-ED85412BEAE6}.Ad-Hoc|iPhone.ActiveCfg = Debug|Any CPU
		{02773DC2-B0CB-48DA-BD68-ED85412BEAE6}.Ad-Hoc|iPhone.Build.0 = Debug|Any CPU
		{02773DC2-B0CB-48DA-BD68-ED85412BEAE6}.Ad-Hoc|iPhoneSimulator.ActiveCfg = Debug|Any CPU
		{02773DC2-B0CB-48DA-BD68-ED85412BEAE6}.Ad-Hoc|iPhoneSimulator.Build.0 = Debug|Any CPU
		{02773DC2-B0CB-48DA-BD68-ED85412BEAE6}.Ad-Hoc|x64.ActiveCfg = Debug|Any CPU
		{02773DC2-B0CB-48DA-BD68-ED85412BEAE6}.Ad-Hoc|x64.Build.0 = Debug|Any CPU
		{02773DC2-B0CB-48DA-BD68-ED85412BEAE6}.Ad-Hoc|x86.ActiveCfg = Debug|Any CPU
		{02773DC2-B0CB-48DA-BD68-ED85412BEAE6}.Ad-Hoc|x86.Build.0 = Debug|Any CPU
		{02773DC2-B0CB-48DA-BD68-ED85412BEAE6}.AppStore|Any CPU.ActiveCfg = Debug|Any CPU
		{02773DC2-B0CB-48DA-BD68-ED85412BEAE6}.AppStore|Any CPU.Build.0 = Debug|Any CPU
		{02773DC2-B0CB-48DA-BD68-ED85412BEAE6}.AppStore|ARM.ActiveCfg = Debug|Any CPU
		{02773DC2-B0CB-48DA-BD68-ED85412BEAE6}.AppStore|ARM.Build.0 = Debug|Any CPU
		{02773DC2-B0CB-48DA-BD68-ED85412BEAE6}.AppStore|iPhone.ActiveCfg = Debug|Any CPU
		{02773DC2-B0CB-48DA-BD68-ED85412BEAE6}.AppStore|iPhone.Build.0 = Debug|Any CPU
		{02773DC2-B0CB-48DA-BD68-ED85412BEAE6}.AppStore|iPhoneSimulator.ActiveCfg = Debug|Any CPU
		{02773DC2-B0CB-48DA-BD68-ED85412BEAE6}.AppStore|iPhoneSimulator.Build.0 = Debug|Any CPU
		{02773DC2-B0CB-48DA-BD68-ED85412BEAE6}.AppStore|x64.ActiveCfg = Debug|Any CPU
		{02773DC2-B0CB-48DA-BD68-ED85412BEAE6}.AppStore|x64.Build.0 = Debug|Any CPU
		{02773DC2-B0CB-48DA-BD68-ED85412BEAE6}.AppStore|x86.ActiveCfg = Debug|Any CPU
		{02773DC2-B0CB-48DA-BD68-ED85412BEAE6}.AppStore|x86.Build.0 = Debug|Any CPU
		{02773DC2-B0CB-48DA-BD68-ED85412BEAE6}.Debug|Any CPU.ActiveCfg = Debug|Any CPU
		{02773DC2-B0CB-48DA-BD68-ED85412BEAE6}.Debug|Any CPU.Build.0 = Debug|Any CPU
		{02773DC2-B0CB-48DA-BD68-ED85412BEAE6}.Debug|ARM.ActiveCfg = Debug|Any CPU
		{02773DC2-B0CB-48DA-BD68-ED85412BEAE6}.Debug|ARM.Build.0 = Debug|Any CPU
		{02773DC2-B0CB-48DA-BD68-ED85412BEAE6}.Debug|iPhone.ActiveCfg = Debug|Any CPU
		{02773DC2-B0CB-48DA-BD68-ED85412BEAE6}.Debug|iPhone.Build.0 = Debug|Any CPU
		{02773DC2-B0CB-48DA-BD68-ED85412BEAE6}.Debug|iPhoneSimulator.ActiveCfg = Debug|Any CPU
		{02773DC2-B0CB-48DA-BD68-ED85412BEAE6}.Debug|iPhoneSimulator.Build.0 = Debug|Any CPU
		{02773DC2-B0CB-48DA-BD68-ED85412BEAE6}.Debug|x64.ActiveCfg = Debug|Any CPU
		{02773DC2-B0CB-48DA-BD68-ED85412BEAE6}.Debug|x64.Build.0 = Debug|Any CPU
		{02773DC2-B0CB-48DA-BD68-ED85412BEAE6}.Debug|x86.ActiveCfg = Debug|Any CPU
		{02773DC2-B0CB-48DA-BD68-ED85412BEAE6}.Debug|x86.Build.0 = Debug|Any CPU
		{02773DC2-B0CB-48DA-BD68-ED85412BEAE6}.Release|Any CPU.ActiveCfg = Release|Any CPU
		{02773DC2-B0CB-48DA-BD68-ED85412BEAE6}.Release|Any CPU.Build.0 = Release|Any CPU
		{02773DC2-B0CB-48DA-BD68-ED85412BEAE6}.Release|ARM.ActiveCfg = Release|Any CPU
		{02773DC2-B0CB-48DA-BD68-ED85412BEAE6}.Release|ARM.Build.0 = Release|Any CPU
		{02773DC2-B0CB-48DA-BD68-ED85412BEAE6}.Release|iPhone.ActiveCfg = Release|Any CPU
		{02773DC2-B0CB-48DA-BD68-ED85412BEAE6}.Release|iPhone.Build.0 = Release|Any CPU
		{02773DC2-B0CB-48DA-BD68-ED85412BEAE6}.Release|iPhoneSimulator.ActiveCfg = Release|Any CPU
		{02773DC2-B0CB-48DA-BD68-ED85412BEAE6}.Release|iPhoneSimulator.Build.0 = Release|Any CPU
		{02773DC2-B0CB-48DA-BD68-ED85412BEAE6}.Release|x64.ActiveCfg = Release|Any CPU
		{02773DC2-B0CB-48DA-BD68-ED85412BEAE6}.Release|x64.Build.0 = Release|Any CPU
		{02773DC2-B0CB-48DA-BD68-ED85412BEAE6}.Release|x86.ActiveCfg = Release|Any CPU
		{02773DC2-B0CB-48DA-BD68-ED85412BEAE6}.Release|x86.Build.0 = Release|Any CPU
		{8B863E83-EE2C-4F3C-8CC1-B0BA0C8FF28B}.Ad-Hoc|Any CPU.ActiveCfg = Debug|Any CPU
		{8B863E83-EE2C-4F3C-8CC1-B0BA0C8FF28B}.Ad-Hoc|Any CPU.Build.0 = Debug|Any CPU
		{8B863E83-EE2C-4F3C-8CC1-B0BA0C8FF28B}.Ad-Hoc|Any CPU.Deploy.0 = Debug|Any CPU
		{8B863E83-EE2C-4F3C-8CC1-B0BA0C8FF28B}.Ad-Hoc|ARM.ActiveCfg = Debug|Any CPU
		{8B863E83-EE2C-4F3C-8CC1-B0BA0C8FF28B}.Ad-Hoc|ARM.Build.0 = Debug|Any CPU
		{8B863E83-EE2C-4F3C-8CC1-B0BA0C8FF28B}.Ad-Hoc|ARM.Deploy.0 = Debug|Any CPU
		{8B863E83-EE2C-4F3C-8CC1-B0BA0C8FF28B}.Ad-Hoc|iPhone.ActiveCfg = Debug|Any CPU
		{8B863E83-EE2C-4F3C-8CC1-B0BA0C8FF28B}.Ad-Hoc|iPhone.Build.0 = Debug|Any CPU
		{8B863E83-EE2C-4F3C-8CC1-B0BA0C8FF28B}.Ad-Hoc|iPhone.Deploy.0 = Debug|Any CPU
		{8B863E83-EE2C-4F3C-8CC1-B0BA0C8FF28B}.Ad-Hoc|iPhoneSimulator.ActiveCfg = Debug|Any CPU
		{8B863E83-EE2C-4F3C-8CC1-B0BA0C8FF28B}.Ad-Hoc|iPhoneSimulator.Build.0 = Debug|Any CPU
		{8B863E83-EE2C-4F3C-8CC1-B0BA0C8FF28B}.Ad-Hoc|iPhoneSimulator.Deploy.0 = Debug|Any CPU
		{8B863E83-EE2C-4F3C-8CC1-B0BA0C8FF28B}.Ad-Hoc|x64.ActiveCfg = Debug|Any CPU
		{8B863E83-EE2C-4F3C-8CC1-B0BA0C8FF28B}.Ad-Hoc|x64.Build.0 = Debug|Any CPU
		{8B863E83-EE2C-4F3C-8CC1-B0BA0C8FF28B}.Ad-Hoc|x64.Deploy.0 = Debug|Any CPU
		{8B863E83-EE2C-4F3C-8CC1-B0BA0C8FF28B}.Ad-Hoc|x86.ActiveCfg = Debug|Any CPU
		{8B863E83-EE2C-4F3C-8CC1-B0BA0C8FF28B}.Ad-Hoc|x86.Build.0 = Debug|Any CPU
		{8B863E83-EE2C-4F3C-8CC1-B0BA0C8FF28B}.Ad-Hoc|x86.Deploy.0 = Debug|Any CPU
		{8B863E83-EE2C-4F3C-8CC1-B0BA0C8FF28B}.AppStore|Any CPU.ActiveCfg = Debug|Any CPU
		{8B863E83-EE2C-4F3C-8CC1-B0BA0C8FF28B}.AppStore|Any CPU.Build.0 = Debug|Any CPU
		{8B863E83-EE2C-4F3C-8CC1-B0BA0C8FF28B}.AppStore|Any CPU.Deploy.0 = Debug|Any CPU
		{8B863E83-EE2C-4F3C-8CC1-B0BA0C8FF28B}.AppStore|ARM.ActiveCfg = Debug|Any CPU
		{8B863E83-EE2C-4F3C-8CC1-B0BA0C8FF28B}.AppStore|ARM.Build.0 = Debug|Any CPU
		{8B863E83-EE2C-4F3C-8CC1-B0BA0C8FF28B}.AppStore|ARM.Deploy.0 = Debug|Any CPU
		{8B863E83-EE2C-4F3C-8CC1-B0BA0C8FF28B}.AppStore|iPhone.ActiveCfg = Debug|Any CPU
		{8B863E83-EE2C-4F3C-8CC1-B0BA0C8FF28B}.AppStore|iPhone.Build.0 = Debug|Any CPU
		{8B863E83-EE2C-4F3C-8CC1-B0BA0C8FF28B}.AppStore|iPhone.Deploy.0 = Debug|Any CPU
		{8B863E83-EE2C-4F3C-8CC1-B0BA0C8FF28B}.AppStore|iPhoneSimulator.ActiveCfg = Debug|Any CPU
		{8B863E83-EE2C-4F3C-8CC1-B0BA0C8FF28B}.AppStore|iPhoneSimulator.Build.0 = Debug|Any CPU
		{8B863E83-EE2C-4F3C-8CC1-B0BA0C8FF28B}.AppStore|iPhoneSimulator.Deploy.0 = Debug|Any CPU
		{8B863E83-EE2C-4F3C-8CC1-B0BA0C8FF28B}.AppStore|x64.ActiveCfg = Debug|Any CPU
		{8B863E83-EE2C-4F3C-8CC1-B0BA0C8FF28B}.AppStore|x64.Build.0 = Debug|Any CPU
		{8B863E83-EE2C-4F3C-8CC1-B0BA0C8FF28B}.AppStore|x64.Deploy.0 = Debug|Any CPU
		{8B863E83-EE2C-4F3C-8CC1-B0BA0C8FF28B}.AppStore|x86.ActiveCfg = Debug|Any CPU
		{8B863E83-EE2C-4F3C-8CC1-B0BA0C8FF28B}.AppStore|x86.Build.0 = Debug|Any CPU
		{8B863E83-EE2C-4F3C-8CC1-B0BA0C8FF28B}.AppStore|x86.Deploy.0 = Debug|Any CPU
		{8B863E83-EE2C-4F3C-8CC1-B0BA0C8FF28B}.Debug|Any CPU.ActiveCfg = Debug|Any CPU
		{8B863E83-EE2C-4F3C-8CC1-B0BA0C8FF28B}.Debug|Any CPU.Build.0 = Debug|Any CPU
		{8B863E83-EE2C-4F3C-8CC1-B0BA0C8FF28B}.Debug|Any CPU.Deploy.0 = Debug|Any CPU
		{8B863E83-EE2C-4F3C-8CC1-B0BA0C8FF28B}.Debug|ARM.ActiveCfg = Debug|Any CPU
		{8B863E83-EE2C-4F3C-8CC1-B0BA0C8FF28B}.Debug|ARM.Build.0 = Debug|Any CPU
		{8B863E83-EE2C-4F3C-8CC1-B0BA0C8FF28B}.Debug|ARM.Deploy.0 = Debug|Any CPU
		{8B863E83-EE2C-4F3C-8CC1-B0BA0C8FF28B}.Debug|iPhone.ActiveCfg = Debug|Any CPU
		{8B863E83-EE2C-4F3C-8CC1-B0BA0C8FF28B}.Debug|iPhone.Build.0 = Debug|Any CPU
		{8B863E83-EE2C-4F3C-8CC1-B0BA0C8FF28B}.Debug|iPhone.Deploy.0 = Debug|Any CPU
		{8B863E83-EE2C-4F3C-8CC1-B0BA0C8FF28B}.Debug|iPhoneSimulator.ActiveCfg = Debug|Any CPU
		{8B863E83-EE2C-4F3C-8CC1-B0BA0C8FF28B}.Debug|iPhoneSimulator.Build.0 = Debug|Any CPU
		{8B863E83-EE2C-4F3C-8CC1-B0BA0C8FF28B}.Debug|iPhoneSimulator.Deploy.0 = Debug|Any CPU
		{8B863E83-EE2C-4F3C-8CC1-B0BA0C8FF28B}.Debug|x64.ActiveCfg = Debug|Any CPU
		{8B863E83-EE2C-4F3C-8CC1-B0BA0C8FF28B}.Debug|x64.Build.0 = Debug|Any CPU
		{8B863E83-EE2C-4F3C-8CC1-B0BA0C8FF28B}.Debug|x64.Deploy.0 = Debug|Any CPU
		{8B863E83-EE2C-4F3C-8CC1-B0BA0C8FF28B}.Debug|x86.ActiveCfg = Debug|Any CPU
		{8B863E83-EE2C-4F3C-8CC1-B0BA0C8FF28B}.Debug|x86.Build.0 = Debug|Any CPU
		{8B863E83-EE2C-4F3C-8CC1-B0BA0C8FF28B}.Debug|x86.Deploy.0 = Debug|Any CPU
		{8B863E83-EE2C-4F3C-8CC1-B0BA0C8FF28B}.Release|Any CPU.ActiveCfg = Release|Any CPU
		{8B863E83-EE2C-4F3C-8CC1-B0BA0C8FF28B}.Release|Any CPU.Build.0 = Release|Any CPU
		{8B863E83-EE2C-4F3C-8CC1-B0BA0C8FF28B}.Release|Any CPU.Deploy.0 = Release|Any CPU
		{8B863E83-EE2C-4F3C-8CC1-B0BA0C8FF28B}.Release|ARM.ActiveCfg = Release|Any CPU
		{8B863E83-EE2C-4F3C-8CC1-B0BA0C8FF28B}.Release|ARM.Build.0 = Release|Any CPU
		{8B863E83-EE2C-4F3C-8CC1-B0BA0C8FF28B}.Release|ARM.Deploy.0 = Release|Any CPU
		{8B863E83-EE2C-4F3C-8CC1-B0BA0C8FF28B}.Release|iPhone.ActiveCfg = Release|Any CPU
		{8B863E83-EE2C-4F3C-8CC1-B0BA0C8FF28B}.Release|iPhone.Build.0 = Release|Any CPU
		{8B863E83-EE2C-4F3C-8CC1-B0BA0C8FF28B}.Release|iPhone.Deploy.0 = Release|Any CPU
		{8B863E83-EE2C-4F3C-8CC1-B0BA0C8FF28B}.Release|iPhoneSimulator.ActiveCfg = Release|Any CPU
		{8B863E83-EE2C-4F3C-8CC1-B0BA0C8FF28B}.Release|iPhoneSimulator.Build.0 = Release|Any CPU
		{8B863E83-EE2C-4F3C-8CC1-B0BA0C8FF28B}.Release|iPhoneSimulator.Deploy.0 = Release|Any CPU
		{8B863E83-EE2C-4F3C-8CC1-B0BA0C8FF28B}.Release|x64.ActiveCfg = Release|Any CPU
		{8B863E83-EE2C-4F3C-8CC1-B0BA0C8FF28B}.Release|x64.Build.0 = Release|Any CPU
		{8B863E83-EE2C-4F3C-8CC1-B0BA0C8FF28B}.Release|x64.Deploy.0 = Release|Any CPU
		{8B863E83-EE2C-4F3C-8CC1-B0BA0C8FF28B}.Release|x86.ActiveCfg = Release|Any CPU
		{8B863E83-EE2C-4F3C-8CC1-B0BA0C8FF28B}.Release|x86.Build.0 = Release|Any CPU
		{8B863E83-EE2C-4F3C-8CC1-B0BA0C8FF28B}.Release|x86.Deploy.0 = Release|Any CPU
		{2459394B-48F8-43BA-8971-6DC779225233}.Ad-Hoc|Any CPU.ActiveCfg = Ad-Hoc|iPhoneSimulator
		{2459394B-48F8-43BA-8971-6DC779225233}.Ad-Hoc|ARM.ActiveCfg = Ad-Hoc|iPhoneSimulator
		{2459394B-48F8-43BA-8971-6DC779225233}.Ad-Hoc|iPhone.ActiveCfg = Ad-Hoc|iPhone
		{2459394B-48F8-43BA-8971-6DC779225233}.Ad-Hoc|iPhone.Build.0 = Ad-Hoc|iPhone
		{2459394B-48F8-43BA-8971-6DC779225233}.Ad-Hoc|iPhoneSimulator.ActiveCfg = Ad-Hoc|iPhoneSimulator
		{2459394B-48F8-43BA-8971-6DC779225233}.Ad-Hoc|iPhoneSimulator.Build.0 = Ad-Hoc|iPhoneSimulator
		{2459394B-48F8-43BA-8971-6DC779225233}.Ad-Hoc|x64.ActiveCfg = Ad-Hoc|iPhoneSimulator
		{2459394B-48F8-43BA-8971-6DC779225233}.Ad-Hoc|x86.ActiveCfg = Ad-Hoc|iPhoneSimulator
		{2459394B-48F8-43BA-8971-6DC779225233}.AppStore|Any CPU.ActiveCfg = AppStore|iPhoneSimulator
		{2459394B-48F8-43BA-8971-6DC779225233}.AppStore|ARM.ActiveCfg = AppStore|iPhoneSimulator
		{2459394B-48F8-43BA-8971-6DC779225233}.AppStore|iPhone.ActiveCfg = AppStore|iPhone
		{2459394B-48F8-43BA-8971-6DC779225233}.AppStore|iPhone.Build.0 = AppStore|iPhone
		{2459394B-48F8-43BA-8971-6DC779225233}.AppStore|iPhoneSimulator.ActiveCfg = AppStore|iPhoneSimulator
		{2459394B-48F8-43BA-8971-6DC779225233}.AppStore|iPhoneSimulator.Build.0 = AppStore|iPhoneSimulator
		{2459394B-48F8-43BA-8971-6DC779225233}.AppStore|x64.ActiveCfg = AppStore|iPhoneSimulator
		{2459394B-48F8-43BA-8971-6DC779225233}.AppStore|x86.ActiveCfg = AppStore|iPhoneSimulator
		{2459394B-48F8-43BA-8971-6DC779225233}.Debug|Any CPU.ActiveCfg = Debug|iPhoneSimulator
		{2459394B-48F8-43BA-8971-6DC779225233}.Debug|ARM.ActiveCfg = Debug|iPhoneSimulator
		{2459394B-48F8-43BA-8971-6DC779225233}.Debug|iPhone.ActiveCfg = Debug|iPhone
		{2459394B-48F8-43BA-8971-6DC779225233}.Debug|iPhone.Build.0 = Debug|iPhone
		{2459394B-48F8-43BA-8971-6DC779225233}.Debug|iPhoneSimulator.ActiveCfg = Debug|iPhoneSimulator
		{2459394B-48F8-43BA-8971-6DC779225233}.Debug|iPhoneSimulator.Build.0 = Debug|iPhoneSimulator
		{2459394B-48F8-43BA-8971-6DC779225233}.Debug|x64.ActiveCfg = Debug|iPhoneSimulator
		{2459394B-48F8-43BA-8971-6DC779225233}.Debug|x86.ActiveCfg = Debug|iPhoneSimulator
		{2459394B-48F8-43BA-8971-6DC779225233}.Release|Any CPU.ActiveCfg = Release|iPhoneSimulator
		{2459394B-48F8-43BA-8971-6DC779225233}.Release|ARM.ActiveCfg = Release|iPhoneSimulator
		{2459394B-48F8-43BA-8971-6DC779225233}.Release|iPhone.ActiveCfg = Release|iPhone
		{2459394B-48F8-43BA-8971-6DC779225233}.Release|iPhone.Build.0 = Release|iPhone
		{2459394B-48F8-43BA-8971-6DC779225233}.Release|iPhoneSimulator.ActiveCfg = Release|iPhoneSimulator
		{2459394B-48F8-43BA-8971-6DC779225233}.Release|iPhoneSimulator.Build.0 = Release|iPhoneSimulator
		{2459394B-48F8-43BA-8971-6DC779225233}.Release|x64.ActiveCfg = Release|iPhoneSimulator
		{2459394B-48F8-43BA-8971-6DC779225233}.Release|x86.ActiveCfg = Release|iPhoneSimulator
		{426F30F3-8377-40AF-8E3A-BE4BAB04627C}.Ad-Hoc|Any CPU.ActiveCfg = Debug|ARM
		{426F30F3-8377-40AF-8E3A-BE4BAB04627C}.Ad-Hoc|Any CPU.Build.0 = Debug|ARM
		{426F30F3-8377-40AF-8E3A-BE4BAB04627C}.Ad-Hoc|Any CPU.Deploy.0 = Debug|ARM
		{426F30F3-8377-40AF-8E3A-BE4BAB04627C}.Ad-Hoc|ARM.ActiveCfg = Debug|ARM
		{426F30F3-8377-40AF-8E3A-BE4BAB04627C}.Ad-Hoc|ARM.Build.0 = Debug|ARM
		{426F30F3-8377-40AF-8E3A-BE4BAB04627C}.Ad-Hoc|ARM.Deploy.0 = Debug|ARM
		{426F30F3-8377-40AF-8E3A-BE4BAB04627C}.Ad-Hoc|iPhone.ActiveCfg = Debug|ARM
		{426F30F3-8377-40AF-8E3A-BE4BAB04627C}.Ad-Hoc|iPhone.Build.0 = Debug|ARM
		{426F30F3-8377-40AF-8E3A-BE4BAB04627C}.Ad-Hoc|iPhone.Deploy.0 = Debug|ARM
		{426F30F3-8377-40AF-8E3A-BE4BAB04627C}.Ad-Hoc|iPhoneSimulator.ActiveCfg = Debug|ARM
		{426F30F3-8377-40AF-8E3A-BE4BAB04627C}.Ad-Hoc|iPhoneSimulator.Build.0 = Debug|ARM
		{426F30F3-8377-40AF-8E3A-BE4BAB04627C}.Ad-Hoc|iPhoneSimulator.Deploy.0 = Debug|ARM
		{426F30F3-8377-40AF-8E3A-BE4BAB04627C}.Ad-Hoc|x64.ActiveCfg = Debug|x64
		{426F30F3-8377-40AF-8E3A-BE4BAB04627C}.Ad-Hoc|x64.Build.0 = Debug|x64
		{426F30F3-8377-40AF-8E3A-BE4BAB04627C}.Ad-Hoc|x64.Deploy.0 = Debug|x64
		{426F30F3-8377-40AF-8E3A-BE4BAB04627C}.Ad-Hoc|x86.ActiveCfg = Debug|x86
		{426F30F3-8377-40AF-8E3A-BE4BAB04627C}.Ad-Hoc|x86.Build.0 = Debug|x86
		{426F30F3-8377-40AF-8E3A-BE4BAB04627C}.Ad-Hoc|x86.Deploy.0 = Debug|x86
		{426F30F3-8377-40AF-8E3A-BE4BAB04627C}.AppStore|Any CPU.ActiveCfg = Debug|ARM
		{426F30F3-8377-40AF-8E3A-BE4BAB04627C}.AppStore|Any CPU.Build.0 = Debug|ARM
		{426F30F3-8377-40AF-8E3A-BE4BAB04627C}.AppStore|Any CPU.Deploy.0 = Debug|ARM
		{426F30F3-8377-40AF-8E3A-BE4BAB04627C}.AppStore|ARM.ActiveCfg = Debug|ARM
		{426F30F3-8377-40AF-8E3A-BE4BAB04627C}.AppStore|ARM.Build.0 = Debug|ARM
		{426F30F3-8377-40AF-8E3A-BE4BAB04627C}.AppStore|ARM.Deploy.0 = Debug|ARM
		{426F30F3-8377-40AF-8E3A-BE4BAB04627C}.AppStore|iPhone.ActiveCfg = Debug|ARM
		{426F30F3-8377-40AF-8E3A-BE4BAB04627C}.AppStore|iPhone.Build.0 = Debug|ARM
		{426F30F3-8377-40AF-8E3A-BE4BAB04627C}.AppStore|iPhone.Deploy.0 = Debug|ARM
		{426F30F3-8377-40AF-8E3A-BE4BAB04627C}.AppStore|iPhoneSimulator.ActiveCfg = Debug|ARM
		{426F30F3-8377-40AF-8E3A-BE4BAB04627C}.AppStore|iPhoneSimulator.Build.0 = Debug|ARM
		{426F30F3-8377-40AF-8E3A-BE4BAB04627C}.AppStore|iPhoneSimulator.Deploy.0 = Debug|ARM
		{426F30F3-8377-40AF-8E3A-BE4BAB04627C}.AppStore|x64.ActiveCfg = Debug|x64
		{426F30F3-8377-40AF-8E3A-BE4BAB04627C}.AppStore|x64.Build.0 = Debug|x64
		{426F30F3-8377-40AF-8E3A-BE4BAB04627C}.AppStore|x64.Deploy.0 = Debug|x64
		{426F30F3-8377-40AF-8E3A-BE4BAB04627C}.AppStore|x86.ActiveCfg = Debug|x86
		{426F30F3-8377-40AF-8E3A-BE4BAB04627C}.AppStore|x86.Build.0 = Debug|x86
		{426F30F3-8377-40AF-8E3A-BE4BAB04627C}.AppStore|x86.Deploy.0 = Debug|x86
		{426F30F3-8377-40AF-8E3A-BE4BAB04627C}.Debug|Any CPU.ActiveCfg = Debug|x86
		{426F30F3-8377-40AF-8E3A-BE4BAB04627C}.Debug|ARM.ActiveCfg = Debug|ARM
		{426F30F3-8377-40AF-8E3A-BE4BAB04627C}.Debug|ARM.Build.0 = Debug|ARM
		{426F30F3-8377-40AF-8E3A-BE4BAB04627C}.Debug|ARM.Deploy.0 = Debug|ARM
		{426F30F3-8377-40AF-8E3A-BE4BAB04627C}.Debug|iPhone.ActiveCfg = Debug|x86
		{426F30F3-8377-40AF-8E3A-BE4BAB04627C}.Debug|iPhoneSimulator.ActiveCfg = Debug|x86
		{426F30F3-8377-40AF-8E3A-BE4BAB04627C}.Debug|x64.ActiveCfg = Debug|x64
		{426F30F3-8377-40AF-8E3A-BE4BAB04627C}.Debug|x64.Build.0 = Debug|x64
		{426F30F3-8377-40AF-8E3A-BE4BAB04627C}.Debug|x64.Deploy.0 = Debug|x64
		{426F30F3-8377-40AF-8E3A-BE4BAB04627C}.Debug|x86.ActiveCfg = Debug|x86
		{426F30F3-8377-40AF-8E3A-BE4BAB04627C}.Debug|x86.Build.0 = Debug|x86
		{426F30F3-8377-40AF-8E3A-BE4BAB04627C}.Debug|x86.Deploy.0 = Debug|x86
		{426F30F3-8377-40AF-8E3A-BE4BAB04627C}.Release|Any CPU.ActiveCfg = Release|x86
		{426F30F3-8377-40AF-8E3A-BE4BAB04627C}.Release|ARM.ActiveCfg = Release|ARM
		{426F30F3-8377-40AF-8E3A-BE4BAB04627C}.Release|ARM.Build.0 = Release|ARM
		{426F30F3-8377-40AF-8E3A-BE4BAB04627C}.Release|ARM.Deploy.0 = Release|ARM
		{426F30F3-8377-40AF-8E3A-BE4BAB04627C}.Release|iPhone.ActiveCfg = Release|x86
		{426F30F3-8377-40AF-8E3A-BE4BAB04627C}.Release|iPhoneSimulator.ActiveCfg = Release|x86
		{426F30F3-8377-40AF-8E3A-BE4BAB04627C}.Release|x64.ActiveCfg = Release|x64
		{426F30F3-8377-40AF-8E3A-BE4BAB04627C}.Release|x64.Build.0 = Release|x64
		{426F30F3-8377-40AF-8E3A-BE4BAB04627C}.Release|x64.Deploy.0 = Release|x64
		{426F30F3-8377-40AF-8E3A-BE4BAB04627C}.Release|x86.ActiveCfg = Release|x86
		{426F30F3-8377-40AF-8E3A-BE4BAB04627C}.Release|x86.Build.0 = Release|x86
		{426F30F3-8377-40AF-8E3A-BE4BAB04627C}.Release|x86.Deploy.0 = Release|x86
	EndGlobalSection
	GlobalSection(SolutionProperties) = preSolution
		HideSolutionNode = FALSE
	EndGlobalSection
	GlobalSection(ExtensibilityGlobals) = postSolution
		SolutionGuid = {5AD103F3-A20B-4976-A477-56C7B90F8515}
	EndGlobalSection
EndGlobal
